
Microsoft Visual Studio Solution File, Format Version 12.00
# Visual Studio 15
VisualStudioVersion = 15.0.27703.2042
MinimumVisualStudioVersion = 10.0.40219.1
Project("{8BC9CEB8-8B4A-11D0-8D11-00A0C91BC942}") = "server", "server\server.vcxproj", "{05547735-D1FA-48AA-898E-AB471DFDB18A}"
EndProject
Project("{888888A0-9F3D-457C-B088-3A5042F75D52}") = "app", "app\app.pyproj", "{0991FD91-B6BB-4D48-B142-33704487F06F}"
EndProject
Global
	GlobalSection(SolutionConfigurationPlatforms) = preSolution
		Debug|Any CPU = Debug|Any CPU
		Debug|ARM = Debug|ARM
		Debug|x64 = Debug|x64
		Debug|x86 = Debug|x86
		Release|Any CPU = Release|Any CPU
		Release|ARM = Release|ARM
		Release|x64 = Release|x64
		Release|x86 = Release|x86
	EndGlobalSection
	GlobalSection(ProjectConfigurationPlatforms) = postSolution
		{05547735-D1FA-48AA-898E-AB471DFDB18A}.Debug|Any CPU.ActiveCfg = Debug|x86
		{05547735-D1FA-48AA-898E-AB471DFDB18A}.Debug|ARM.ActiveCfg = Debug|ARM
		{05547735-D1FA-48AA-898E-AB471DFDB18A}.Debug|ARM.Build.0 = Debug|ARM
		{05547735-D1FA-48AA-898E-AB471DFDB18A}.Debug|x64.ActiveCfg = Debug|x64
		{05547735-D1FA-48AA-898E-AB471DFDB18A}.Debug|x64.Build.0 = Debug|x64
		{05547735-D1FA-48AA-898E-AB471DFDB18A}.Debug|x86.ActiveCfg = Debug|x86
		{05547735-D1FA-48AA-898E-AB471DFDB18A}.Debug|x86.Build.0 = Debug|x86
		{05547735-D1FA-48AA-898E-AB471DFDB18A}.Release|Any CPU.ActiveCfg = Release|x86
		{05547735-D1FA-48AA-898E-AB471DFDB18A}.Release|ARM.ActiveCfg = Release|ARM
		{05547735-D1FA-48AA-898E-AB471DFDB18A}.Release|ARM.Build.0 = Release|ARM
		{05547735-D1FA-48AA-898E-AB471DFDB18A}.Release|x64.ActiveCfg = Release|x64
		{05547735-D1FA-48AA-898E-AB471DFDB18A}.Release|x64.Build.0 = Release|x64
		{05547735-D1FA-48AA-898E-AB471DFDB18A}.Release|x86.ActiveCfg = Release|x86
		{05547735-D1FA-48AA-898E-AB471DFDB18A}.Release|x86.Build.0 = Release|x86
		{0991FD91-B6BB-4D48-B142-33704487F06F}.Debug|Any CPU.ActiveCfg = Debug|Any CPU
		{0991FD91-B6BB-4D48-B142-33704487F06F}.Debug|Any CPU.Build.0 = Debug|Any CPU
		{0991FD91-B6BB-4D48-B142-33704487F06F}.Debug|ARM.ActiveCfg = Debug|Any CPU
		{0991FD91-B6BB-4D48-B142-33704487F06F}.Debug|ARM.Build.0 = Debug|Any CPU
		{0991FD91-B6BB-4D48-B142-33704487F06F}.Debug|x64.ActiveCfg = Debug|Any CPU
		{0991FD91-B6BB-4D48-B142-33704487F06F}.Debug|x64.Build.0 = Debug|Any CPU
		{0991FD91-B6BB-4D48-B142-33704487F06F}.Debug|x86.ActiveCfg = Debug|Any CPU
		{0991FD91-B6BB-4D48-B142-33704487F06F}.Debug|x86.Build.0 = Debug|Any CPU
		{0991FD91-B6BB-4D48-B142-33704487F06F}.Release|Any CPU.ActiveCfg = Release|Any CPU
		{0991FD91-B6BB-4D48-B142-33704487F06F}.Release|Any CPU.Build.0 = Release|Any CPU
		{0991FD91-B6BB-4D48-B142-33704487F06F}.Release|ARM.ActiveCfg = Release|Any CPU
		{0991FD91-B6BB-4D48-B142-33704487F06F}.Release|ARM.Build.0 = Release|Any CPU
		{0991FD91-B6BB-4D48-B142-33704487F06F}.Release|x64.ActiveCfg = Release|Any CPU
		{0991FD91-B6BB-4D48-B142-33704487F06F}.Release|x64.Build.0 = Release|Any CPU
		{0991FD91-B6BB-4D48-B142-33704487F06F}.Release|x86.ActiveCfg = Release|Any CPU
		{0991FD91-B6BB-4D48-B142-33704487F06F}.Release|x86.Build.0 = Release|Any CPU
	EndGlobalSection
	GlobalSection(SolutionProperties) = preSolution
		HideSolutionNode = FALSE
	EndGlobalSection
	GlobalSection(ExtensibilityGlobals) = postSolution
		SolutionGuid = {AC32B915-10A4-416B-9A98-31221DA4D7FF}
	EndGlobalSection
EndGlobal
